
Microsoft Visual Studio Solution File, Format Version 12.00
# Visual Studio Version 17
VisualStudioVersion = 17.9.34728.123
MinimumVisualStudioVersion = 10.0.40219.1
Project("{FAE04EC0-301F-11D3-BF4B-00C04F79EFBC}") = "3Sum", "3Sum\3Sum.csproj", "{F630AF0E-C4CB-4E4F-B703-8DCEB08B999A}"
EndProject
Global
	GlobalSection(SolutionConfigurationPlatforms) = preSolution
		Debug|Any CPU = Debug|Any CPU
		Release|Any CPU = Release|Any CPU
	EndGlobalSection
	GlobalSection(ProjectConfigurationPlatforms) = postSolution
		{F630AF0E-C4CB-4E4F-B703-8DCEB08B999A}.Debug|Any CPU.ActiveCfg = Debug|Any CPU
		{F630AF0E-C4CB-4E4F-B703-8DCEB08B999A}.Debug|Any CPU.Build.0 = Debug|Any CPU
		{F630AF0E-C4CB-4E4F-B703-8DCEB08B999A}.Release|Any CPU.ActiveCfg = Release|Any CPU
		{F630AF0E-C4CB-4E4F-B703-8DCEB08B999A}.Release|Any CPU.Build.0 = Release|Any CPU
	EndGlobalSection
	GlobalSection(SolutionProperties) = preSolution
		HideSolutionNode = FALSE
	EndGlobalSection
	GlobalSection(ExtensibilityGlobals) = postSolution
		SolutionGuid = {E5A1CF21-A53F-4B5A-818A-A21E54CAEB32}
	EndGlobalSection
EndGlobal
